
Microsoft Visual Studio Solution File, Format Version 12.00
# Visual Studio Version 17
VisualStudioVersion = 17.9.34607.119
MinimumVisualStudioVersion = 10.0.40219.1
Project("{2150E333-8FDC-42A3-9474-1A3956D46DE8}") = "Frontends", "Frontends", "{9CEEBB09-F5B5-4E4A-9EA7-F267CB05BADA}"
EndProject
Project("{2150E333-8FDC-42A3-9474-1A3956D46DE8}") = "IdentityServer", "IdentityServer", "{0D3D14C2-AF88-4896-88A0-5CF21A3A5DCC}"
EndProject
Project("{2150E333-8FDC-42A3-9474-1A3956D46DE8}") = "Services", "Services", "{528A0670-7534-4679-AF10-C27083879BB8}"
EndProject
Project("{2150E333-8FDC-42A3-9474-1A3956D46DE8}") = "Requirements", "Requirements", "{8236D054-2EDB-414B-8112-5006E0308190}"
EndProject
Project("{2150E333-8FDC-42A3-9474-1A3956D46DE8}") = "Catalog", "Catalog", "{9342DD9B-C3D3-4077-ABC3-A9CBC78C9F3A}"
EndProject
Project("{9A19103F-16F7-4668-BE54-9A1E7A4F7556}") = "TakeAway.Catalog", "Services\Catalog\TakeAway.Catalog\TakeAway.Catalog.csproj", "{CB3F69DE-08A1-44C2-95F2-F30AECA4C35F}"
EndProject
Project("{2150E333-8FDC-42A3-9474-1A3956D46DE8}") = "Discount", "Discount", "{9F34F916-C8D3-41C8-BF2A-C44BD43DBBC5}"
EndProject
Project("{9A19103F-16F7-4668-BE54-9A1E7A4F7556}") = "TakeAway.Discount", "Services\Discount\TakeAway.Discount\TakeAway.Discount.csproj", "{D0B1907F-F28E-4720-910C-2E1916B40129}"
EndProject
Project("{2150E333-8FDC-42A3-9474-1A3956D46DE8}") = "Order", "Order", "{35B1BD7F-0B3A-4883-B5AA-94C9F4CBFF76}"
EndProject
Project("{2150E333-8FDC-42A3-9474-1A3956D46DE8}") = "Core", "Core", "{AC0BA877-4E2A-471C-B0EE-65E02DFF0EE5}"
EndProject
Project("{2150E333-8FDC-42A3-9474-1A3956D46DE8}") = "Infrastructure", "Infrastructure", "{A821D089-5E8F-4183-B758-852C238BD5DF}"
EndProject
Project("{2150E333-8FDC-42A3-9474-1A3956D46DE8}") = "Presentation", "Presentation", "{DD584008-BF1B-4993-990D-C3E17D53D4E1}"
EndProject
Project("{9A19103F-16F7-4668-BE54-9A1E7A4F7556}") = "TakeAway.Application", "Services\Order\Core\TakeAway.Application\TakeAway.Application.csproj", "{1DD61DD9-493E-4FCF-9F03-470BC16B15C4}"
EndProject
Project("{9A19103F-16F7-4668-BE54-9A1E7A4F7556}") = "TakeAway.Domain", "Services\Order\Core\TakeAway.Domain\TakeAway.Domain.csproj", "{752220B2-BCF6-4ADE-925B-E0EA6471386F}"
EndProject
Project("{9A19103F-16F7-4668-BE54-9A1E7A4F7556}") = "TakeAway.Persistence", "Services\Order\Infrastructure\TakeAway.Persistence\TakeAway.Persistence.csproj", "{C1818CAD-915A-4AD4-9906-FEFE598649C4}"
EndProject
Project("{9A19103F-16F7-4668-BE54-9A1E7A4F7556}") = "TakeAway.OrderApi", "Services\Order\Presentation\TakeAway.OrderApi\TakeAway.OrderApi.csproj", "{773D40C5-B691-4F76-B8F9-4D1EDDE6A421}"
EndProject
Project("{9A19103F-16F7-4668-BE54-9A1E7A4F7556}") = "TakeAway.IdentityServer", "IdentityServer\TakeAway.IdentityServer\TakeAway.IdentityServer.csproj", "{D94E2187-B1C7-499B-A29E-41E0325969F0}"
EndProject
Project("{2150E333-8FDC-42A3-9474-1A3956D46DE8}") = "Basket", "Basket", "{4A7292C6-62FD-4125-ACC4-4865CD8B6239}"
EndProject
Project("{9A19103F-16F7-4668-BE54-9A1E7A4F7556}") = "TakeAway.Basket", "Services\Basket\TakeAway.Basket\TakeAway.Basket.csproj", "{0CA701C1-48CF-4852-ABA8-986C7A2F5739}"
EndProject
Project("{2150E333-8FDC-42A3-9474-1A3956D46DE8}") = "Comment", "Comment", "{680457AD-5FC9-45BA-A2A2-A91E12FB8CF4}"
EndProject
Project("{9A19103F-16F7-4668-BE54-9A1E7A4F7556}") = "TakeAway.Comment", "Services\Comment\TakeAway.Comment\TakeAway.Comment.csproj", "{F2850007-E04F-494F-8022-54193D97AE76}"
EndProject
Project("{FAE04EC0-301F-11D3-BF4B-00C04F79EFBC}") = "TakeAway.WebUI", "Frontends\TakeAway.WebUI\TakeAway.WebUI.csproj", "{DDD2D767-59A1-46B9-926A-2CFDAB2091F1}"
EndProject
Global
	GlobalSection(SolutionConfigurationPlatforms) = preSolution
		Debug|Any CPU = Debug|Any CPU
		Release|Any CPU = Release|Any CPU
	EndGlobalSection
	GlobalSection(ProjectConfigurationPlatforms) = postSolution
		{CB3F69DE-08A1-44C2-95F2-F30AECA4C35F}.Debug|Any CPU.ActiveCfg = Debug|Any CPU
		{CB3F69DE-08A1-44C2-95F2-F30AECA4C35F}.Debug|Any CPU.Build.0 = Debug|Any CPU
		{CB3F69DE-08A1-44C2-95F2-F30AECA4C35F}.Release|Any CPU.ActiveCfg = Release|Any CPU
		{CB3F69DE-08A1-44C2-95F2-F30AECA4C35F}.Release|Any CPU.Build.0 = Release|Any CPU
		{D0B1907F-F28E-4720-910C-2E1916B40129}.Debug|Any CPU.ActiveCfg = Debug|Any CPU
		{D0B1907F-F28E-4720-910C-2E1916B40129}.Debug|Any CPU.Build.0 = Debug|Any CPU
		{D0B1907F-F28E-4720-910C-2E1916B40129}.Release|Any CPU.ActiveCfg = Release|Any CPU
		{D0B1907F-F28E-4720-910C-2E1916B40129}.Release|Any CPU.Build.0 = Release|Any CPU
		{1DD61DD9-493E-4FCF-9F03-470BC16B15C4}.Debug|Any CPU.ActiveCfg = Debug|Any CPU
		{1DD61DD9-493E-4FCF-9F03-470BC16B15C4}.Debug|Any CPU.Build.0 = Debug|Any CPU
		{1DD61DD9-493E-4FCF-9F03-470BC16B15C4}.Release|Any CPU.ActiveCfg = Release|Any CPU
		{1DD61DD9-493E-4FCF-9F03-470BC16B15C4}.Release|Any CPU.Build.0 = Release|Any CPU
		{752220B2-BCF6-4ADE-925B-E0EA6471386F}.Debug|Any CPU.ActiveCfg = Debug|Any CPU
		{752220B2-BCF6-4ADE-925B-E0EA6471386F}.Debug|Any CPU.Build.0 = Debug|Any CPU
		{752220B2-BCF6-4ADE-925B-E0EA6471386F}.Release|Any CPU.ActiveCfg = Release|Any CPU
		{752220B2-BCF6-4ADE-925B-E0EA6471386F}.Release|Any CPU.Build.0 = Release|Any CPU
		{C1818CAD-915A-4AD4-9906-FEFE598649C4}.Debug|Any CPU.ActiveCfg = Debug|Any CPU
		{C1818CAD-915A-4AD4-9906-FEFE598649C4}.Debug|Any CPU.Build.0 = Debug|Any CPU
		{C1818CAD-915A-4AD4-9906-FEFE598649C4}.Release|Any CPU.ActiveCfg = Release|Any CPU
		{C1818CAD-915A-4AD4-9906-FEFE598649C4}.Release|Any CPU.Build.0 = Release|Any CPU
		{773D40C5-B691-4F76-B8F9-4D1EDDE6A421}.Debug|Any CPU.ActiveCfg = Debug|Any CPU
		{773D40C5-B691-4F76-B8F9-4D1EDDE6A421}.Debug|Any CPU.Build.0 = Debug|Any CPU
		{773D40C5-B691-4F76-B8F9-4D1EDDE6A421}.Release|Any CPU.ActiveCfg = Release|Any CPU
		{773D40C5-B691-4F76-B8F9-4D1EDDE6A421}.Release|Any CPU.Build.0 = Release|Any CPU
		{D94E2187-B1C7-499B-A29E-41E0325969F0}.Debug|Any CPU.ActiveCfg = Debug|Any CPU
		{D94E2187-B1C7-499B-A29E-41E0325969F0}.Debug|Any CPU.Build.0 = Debug|Any CPU
		{D94E2187-B1C7-499B-A29E-41E0325969F0}.Release|Any CPU.ActiveCfg = Release|Any CPU
		{D94E2187-B1C7-499B-A29E-41E0325969F0}.Release|Any CPU.Build.0 = Release|Any CPU
		{0CA701C1-48CF-4852-ABA8-986C7A2F5739}.Debug|Any CPU.ActiveCfg = Debug|Any CPU
		{0CA701C1-48CF-4852-ABA8-986C7A2F5739}.Debug|Any CPU.Build.0 = Debug|Any CPU
		{0CA701C1-48CF-4852-ABA8-986C7A2F5739}.Release|Any CPU.ActiveCfg = Release|Any CPU
		{0CA701C1-48CF-4852-ABA8-986C7A2F5739}.Release|Any CPU.Build.0 = Release|Any CPU
		{F2850007-E04F-494F-8022-54193D97AE76}.Debug|Any CPU.ActiveCfg = Debug|Any CPU
		{F2850007-E04F-494F-8022-54193D97AE76}.Debug|Any CPU.Build.0 = Debug|Any CPU
		{F2850007-E04F-494F-8022-54193D97AE76}.Release|Any CPU.ActiveCfg = Release|Any CPU
		{F2850007-E04F-494F-8022-54193D97AE76}.Release|Any CPU.Build.0 = Release|Any CPU
		{DDD2D767-59A1-46B9-926A-2CFDAB2091F1}.Debug|Any CPU.ActiveCfg = Debug|Any CPU
		{DDD2D767-59A1-46B9-926A-2CFDAB2091F1}.Debug|Any CPU.Build.0 = Debug|Any CPU
		{DDD2D767-59A1-46B9-926A-2CFDAB2091F1}.Release|Any CPU.ActiveCfg = Release|Any CPU
		{DDD2D767-59A1-46B9-926A-2CFDAB2091F1}.Release|Any CPU.Build.0 = Release|Any CPU
	EndGlobalSection
	GlobalSection(SolutionProperties) = preSolution
		HideSolutionNode = FALSE
	EndGlobalSection
	GlobalSection(NestedProjects) = preSolution
		{9342DD9B-C3D3-4077-ABC3-A9CBC78C9F3A} = {528A0670-7534-4679-AF10-C27083879BB8}
		{CB3F69DE-08A1-44C2-95F2-F30AECA4C35F} = {9342DD9B-C3D3-4077-ABC3-A9CBC78C9F3A}
		{9F34F916-C8D3-41C8-BF2A-C44BD43DBBC5} = {528A0670-7534-4679-AF10-C27083879BB8}
		{D0B1907F-F28E-4720-910C-2E1916B40129} = {9F34F916-C8D3-41C8-BF2A-C44BD43DBBC5}
		{35B1BD7F-0B3A-4883-B5AA-94C9F4CBFF76} = {528A0670-7534-4679-AF10-C27083879BB8}
		{AC0BA877-4E2A-471C-B0EE-65E02DFF0EE5} = {35B1BD7F-0B3A-4883-B5AA-94C9F4CBFF76}
		{A821D089-5E8F-4183-B758-852C238BD5DF} = {35B1BD7F-0B3A-4883-B5AA-94C9F4CBFF76}
		{DD584008-BF1B-4993-990D-C3E17D53D4E1} = {35B1BD7F-0B3A-4883-B5AA-94C9F4CBFF76}
		{1DD61DD9-493E-4FCF-9F03-470BC16B15C4} = {AC0BA877-4E2A-471C-B0EE-65E02DFF0EE5}
		{752220B2-BCF6-4ADE-925B-E0EA6471386F} = {AC0BA877-4E2A-471C-B0EE-65E02DFF0EE5}
		{C1818CAD-915A-4AD4-9906-FEFE598649C4} = {A821D089-5E8F-4183-B758-852C238BD5DF}
		{773D40C5-B691-4F76-B8F9-4D1EDDE6A421} = {DD584008-BF1B-4993-990D-C3E17D53D4E1}
		{D94E2187-B1C7-499B-A29E-41E0325969F0} = {0D3D14C2-AF88-4896-88A0-5CF21A3A5DCC}
		{4A7292C6-62FD-4125-ACC4-4865CD8B6239} = {528A0670-7534-4679-AF10-C27083879BB8}
		{0CA701C1-48CF-4852-ABA8-986C7A2F5739} = {4A7292C6-62FD-4125-ACC4-4865CD8B6239}
		{680457AD-5FC9-45BA-A2A2-A91E12FB8CF4} = {528A0670-7534-4679-AF10-C27083879BB8}
		{F2850007-E04F-494F-8022-54193D97AE76} = {680457AD-5FC9-45BA-A2A2-A91E12FB8CF4}
		{DDD2D767-59A1-46B9-926A-2CFDAB2091F1} = {9CEEBB09-F5B5-4E4A-9EA7-F267CB05BADA}
	EndGlobalSection
	GlobalSection(ExtensibilityGlobals) = postSolution
		SolutionGuid = {68F4FEFF-E632-462C-8DA2-7BAF0AF130E2}
	EndGlobalSection
EndGlobal
